// !$*UTF8*$!
{
	archiveVersion = 1;
	classes = {
	};
	objectVersion = 77;
	objects = {

/* Begin PBXContainerItemProxy section */
		C6E4F7022D6D39F900B0A859 /* PBXContainerItemProxy */ = {
			isa = PBXContainerItemProxy;
			containerPortal = C6E4F6E92D6D39F700B0A859 /* Project object */;
			proxyType = 1;
			remoteGlobalIDString = C6E4F6F02D6D39F700B0A859;
			remoteInfo = echovision;
		};
		C6E4F70C2D6D39F900B0A859 /* PBXContainerItemProxy */ = {
			isa = PBXContainerItemProxy;
			containerPortal = C6E4F6E92D6D39F700B0A859 /* Project object */;
			proxyType = 1;
			remoteGlobalIDString = C6E4F6F02D6D39F700B0A859;
			remoteInfo = echovision;
		};
/* End PBXContainerItemProxy section */

/* Begin PBXFileReference section */
		C6E4F6F12D6D39F700B0A859 /* echovision.app */ = {isa = PBXFileReference; explicitFileType = wrapper.application; includeInIndex = 0; path = echovision.app; sourceTree = BUILT_PRODUCTS_DIR; };
		C6E4F7012D6D39F900B0A859 /* echovisionTests.xctest */ = {isa = PBXFileReference; explicitFileType = wrapper.cfbundle; includeInIndex = 0; path = echovisionTests.xctest; sourceTree = BUILT_PRODUCTS_DIR; };
		C6E4F70B2D6D39F900B0A859 /* echovisionUITests.xctest */ = {isa = PBXFileReference; explicitFileType = wrapper.cfbundle; includeInIndex = 0; path = echovisionUITests.xctest; sourceTree = BUILT_PRODUCTS_DIR; };
/* End PBXFileReference section */

/* Begin PBXFileSystemSynchronizedBuildFileExceptionSet section */
		C69B13022D82EB5C0071504B /* Exceptions for "echovision" folder in "echovision" target */ = {
			isa = PBXFileSystemSynchronizedBuildFileExceptionSet;
			membershipExceptions = (
				Info.plist,
			);
			target = C6E4F6F02D6D39F700B0A859 /* echovision */;
		};
/* End PBXFileSystemSynchronizedBuildFileExceptionSet section */

/* Begin PBXFileSystemSynchronizedRootGroup section */
		C69B13002D82ACEF0071504B /* Resources */ = {
			isa = PBXFileSystemSynchronizedRootGroup;
			path = Resources;
			sourceTree = "<group>";
		};
		C6E4F6F32D6D39F700B0A859 /* echovision */ = {
			isa = PBXFileSystemSynchronizedRootGroup;
			exceptions = (
				C69B13022D82EB5C0071504B /* Exceptions for "echovision" folder in "echovision" target */,
			);
			path = echovision;
			sourceTree = "<group>";
		};
		C6E4F7042D6D39F900B0A859 /* echovisionTests */ = {
			isa = PBXFileSystemSynchronizedRootGroup;
			path = echovisionTests;
			sourceTree = "<group>";
		};
		C6E4F70E2D6D39F900B0A859 /* echovisionUITests */ = {
			isa = PBXFileSystemSynchronizedRootGroup;
			path = echovisionUITests;
			sourceTree = "<group>";
		};
/* End PBXFileSystemSynchronizedRootGroup section */

/* Begin PBXFrameworksBuildPhase section */
		C6E4F6EE2D6D39F700B0A859 /* Frameworks */ = {
			isa = PBXFrameworksBuildPhase;
			buildActionMask = 2147483647;
			files = (
			);
			runOnlyForDeploymentPostprocessing = 0;
		};
		C6E4F6FE2D6D39F900B0A859 /* Frameworks */ = {
			isa = PBXFrameworksBuildPhase;
			buildActionMask = 2147483647;
			files = (
			);
			runOnlyForDeploymentPostprocessing = 0;
		};
		C6E4F7082D6D39F900B0A859 /* Frameworks */ = {
			isa = PBXFrameworksBuildPhase;
			buildActionMask = 2147483647;
			files = (
			);
			runOnlyForDeploymentPostprocessing = 0;
		};
/* End PBXFrameworksBuildPhase section */

/* Begin PBXGroup section */
		C6E4F6E82D6D39F700B0A859 = {
			isa = PBXGroup;
			children = (
				C69B13002D82ACEF0071504B /* Resources */,
				C6E4F6F32D6D39F700B0A859 /* echovision */,
				C6E4F7042D6D39F900B0A859 /* echovisionTests */,
				C6E4F70E2D6D39F900B0A859 /* echovisionUITests */,
				C6E4F6F22D6D39F700B0A859 /* Products */,
			);
			sourceTree = "<group>";
		};
		C6E4F6F22D6D39F700B0A859 /* Products */ = {
			isa = PBXGroup;
			children = (
				C6E4F6F12D6D39F700B0A859 /* echovision.app */,
				C6E4F7012D6D39F900B0A859 /* echovisionTests.xctest */,
				C6E4F70B2D6D39F900B0A859 /* echovisionUITests.xctest */,
			);
			name = Products;
			sourceTree = "<group>";
		};
/* End PBXGroup section */

/* Begin PBXNativeTarget section */
		C6E4F6F02D6D39F700B0A859 /* echovision */ = {
			isa = PBXNativeTarget;
			buildConfigurationList = C6E4F7152D6D39F900B0A859 /* Build configuration list for PBXNativeTarget "echovision" */;
			buildPhases = (
				C6E4F6ED2D6D39F700B0A859 /* Sources */,
				C6E4F6EE2D6D39F700B0A859 /* Frameworks */,
				C6E4F6EF2D6D39F700B0A859 /* Resources */,
			);
			buildRules = (
			);
			dependencies = (
			);
			fileSystemSynchronizedGroups = (
				C69B13002D82ACEF0071504B /* Resources */,
				C6E4F6F32D6D39F700B0A859 /* echovision */,
			);
			name = echovision;
			packageProductDependencies = (
			);
			productName = echovision;
			productReference = C6E4F6F12D6D39F700B0A859 /* echovision.app */;
			productType = "com.apple.product-type.application";
		};
		C6E4F7002D6D39F900B0A859 /* echovisionTests */ = {
			isa = PBXNativeTarget;
			buildConfigurationList = C6E4F7182D6D39F900B0A859 /* Build configuration list for PBXNativeTarget "echovisionTests" */;
			buildPhases = (
				C6E4F6FD2D6D39F900B0A859 /* Sources */,
				C6E4F6FE2D6D39F900B0A859 /* Frameworks */,
				C6E4F6FF2D6D39F900B0A859 /* Resources */,
			);
			buildRules = (
			);
			dependencies = (
				C6E4F7032D6D39F900B0A859 /* PBXTargetDependency */,
			);
			fileSystemSynchronizedGroups = (
				C6E4F7042D6D39F900B0A859 /* echovisionTests */,
			);
			name = echovisionTests;
			packageProductDependencies = (
			);
			productName = echovisionTests;
			productReference = C6E4F7012D6D39F900B0A859 /* echovisionTests.xctest */;
			productType = "com.apple.product-type.bundle.unit-test";
		};
		C6E4F70A2D6D39F900B0A859 /* echovisionUITests */ = {
			isa = PBXNativeTarget;
			buildConfigurationList = C6E4F71B2D6D39F900B0A859 /* Build configuration list for PBXNativeTarget "echovisionUITests" */;
			buildPhases = (
				C6E4F7072D6D39F900B0A859 /* Sources */,
				C6E4F7082D6D39F900B0A859 /* Frameworks */,
				C6E4F7092D6D39F900B0A859 /* Resources */,
			);
			buildRules = (
			);
			dependencies = (
				C6E4F70D2D6D39F900B0A859 /* PBXTargetDependency */,
			);
			fileSystemSynchronizedGroups = (
				C6E4F70E2D6D39F900B0A859 /* echovisionUITests */,
			);
			name = echovisionUITests;
			packageProductDependencies = (
			);
			productName = echovisionUITests;
			productReference = C6E4F70B2D6D39F900B0A859 /* echovisionUITests.xctest */;
			productType = "com.apple.product-type.bundle.ui-testing";
		};
/* End PBXNativeTarget section */

/* Begin PBXProject section */
		C6E4F6E92D6D39F700B0A859 /* Project object */ = {
			isa = PBXProject;
			attributes = {
				BuildIndependentTargetsInParallel = 1;
				LastSwiftUpdateCheck = 1620;
				LastUpgradeCheck = 1620;
				TargetAttributes = {
					C6E4F6F02D6D39F700B0A859 = {
						CreatedOnToolsVersion = 16.2;
					};
					C6E4F7002D6D39F900B0A859 = {
						CreatedOnToolsVersion = 16.2;
						TestTargetID = C6E4F6F02D6D39F700B0A859;
					};
					C6E4F70A2D6D39F900B0A859 = {
						CreatedOnToolsVersion = 16.2;
						TestTargetID = C6E4F6F02D6D39F700B0A859;
					};
				};
			};
			buildConfigurationList = C6E4F6EC2D6D39F700B0A859 /* Build configuration list for PBXProject "echovision" */;
			developmentRegion = en;
			hasScannedForEncodings = 0;
			knownRegions = (
				en,
				Base,
			);
			mainGroup = C6E4F6E82D6D39F700B0A859;
			minimizedProjectReferenceProxies = 1;
			preferredProjectObjectVersion = 77;
			productRefGroup = C6E4F6F22D6D39F700B0A859 /* Products */;
			projectDirPath = "";
			projectRoot = "";
			targets = (
				C6E4F6F02D6D39F700B0A859 /* echovision */,
				C6E4F7002D6D39F900B0A859 /* echovisionTests */,
				C6E4F70A2D6D39F900B0A859 /* echovisionUITests */,
			);
		};
/* End PBXProject section */

/* Begin PBXResourcesBuildPhase section */
		C6E4F6EF2D6D39F700B0A859 /* Resources */ = {
			isa = PBXResourcesBuildPhase;
			buildActionMask = 2147483647;
			files = (
			);
			runOnlyForDeploymentPostprocessing = 0;
		};
		C6E4F6FF2D6D39F900B0A859 /* Resources */ = {
			isa = PBXResourcesBuildPhase;
			buildActionMask = 2147483647;
			files = (
			);
			runOnlyForDeploymentPostprocessing = 0;
		};
		C6E4F7092D6D39F900B0A859 /* Resources */ = {
			isa = PBXResourcesBuildPhase;
			buildActionMask = 2147483647;
			files = (
			);
			runOnlyForDeploymentPostprocessing = 0;
		};
/* End PBXResourcesBuildPhase section */

/* Begin PBXSourcesBuildPhase section */
		C6E4F6ED2D6D39F700B0A859 /* Sources */ = {
			isa = PBXSourcesBuildPhase;
			buildActionMask = 2147483647;
			files = (
			);
			runOnlyForDeploymentPostprocessing = 0;
		};
		C6E4F6FD2D6D39F900B0A859 /* Sources */ = {
			isa = PBXSourcesBuildPhase;
			buildActionMask = 2147483647;
			files = (
			);
			runOnlyForDeploymentPostprocessing = 0;
		};
		C6E4F7072D6D39F900B0A859 /* Sources */ = {
			isa = PBXSourcesBuildPhase;
			buildActionMask = 2147483647;
			files = (
			);
			runOnlyForDeploymentPostprocessing = 0;
		};
/* End PBXSourcesBuildPhase section */

/* Begin PBXTargetDependency section */
		C6E4F7032D6D39F900B0A859 /* PBXTargetDependency */ = {
			isa = PBXTargetDependency;
			target = C6E4F6F02D6D39F700B0A859 /* echovision */;
			targetProxy = C6E4F7022D6D39F900B0A859 /* PBXContainerItemProxy */;
		};
		C6E4F70D2D6D39F900B0A859 /* PBXTargetDependency */ = {
			isa = PBXTargetDependency;
			target = C6E4F6F02D6D39F700B0A859 /* echovision */;
			targetProxy = C6E4F70C2D6D39F900B0A859 /* PBXContainerItemProxy */;
		};
/* End PBXTargetDependency section */

/* Begin XCBuildConfiguration section */
		C6E4F7132D6D39F900B0A859 /* Debug */ = {
			isa = XCBuildConfiguration;
			buildSettings = {
				ALWAYS_SEARCH_USER_PATHS = NO;
				ASSETCATALOG_COMPILER_GENERATE_SWIFT_ASSET_SYMBOL_EXTENSIONS = YES;
				CLANG_ANALYZER_NONNULL = YES;
				CLANG_ANALYZER_NUMBER_OBJECT_CONVERSION = YES_AGGRESSIVE;
				CLANG_CXX_LANGUAGE_STANDARD = "gnu++20";
				CLANG_ENABLE_MODULES = YES;
				CLANG_ENABLE_OBJC_ARC = YES;
				CLANG_ENABLE_OBJC_WEAK = YES;
				CLANG_WARN_BLOCK_CAPTURE_AUTORELEASING = YES;
				CLANG_WARN_BOOL_CONVERSION = YES;
				CLANG_WARN_COMMA = YES;
				CLANG_WARN_CONSTANT_CONVERSION = YES;
				CLANG_WARN_DEPRECATED_OBJC_IMPLEMENTATIONS = YES;
				CLANG_WARN_DIRECT_OBJC_ISA_USAGE = YES_ERROR;
				CLANG_WARN_DOCUMENTATION_COMMENTS = YES;
				CLANG_WARN_EMPTY_BODY = YES;
				CLANG_WARN_ENUM_CONVERSION = YES;
				CLANG_WARN_INFINITE_RECURSION = YES;
				CLANG_WARN_INT_CONVERSION = YES;
				CLANG_WARN_NON_LITERAL_NULL_CONVERSION = YES;
				CLANG_WARN_OBJC_IMPLICIT_RETAIN_SELF = YES;
				CLANG_WARN_OBJC_LITERAL_CONVERSION = YES;
				CLANG_WARN_OBJC_ROOT_CLASS = YES_ERROR;
				CLANG_WARN_QUOTED_INCLUDE_IN_FRAMEWORK_HEADER = YES;
				CLANG_WARN_RANGE_LOOP_ANALYSIS = YES;
				CLANG_WARN_STRICT_PROTOTYPES = YES;
				CLANG_WARN_SUSPICIOUS_MOVE = YES;
				CLANG_WARN_UNGUARDED_AVAILABILITY = YES_AGGRESSIVE;
				CLANG_WARN_UNREACHABLE_CODE = YES;
				CLANG_WARN__DUPLICATE_METHOD_MATCH = YES;
				COPY_PHASE_STRIP = NO;
				DEBUG_INFORMATION_FORMAT = dwarf;
				ENABLE_STRICT_OBJC_MSGSEND = YES;
				ENABLE_TESTABILITY = YES;
				ENABLE_USER_SCRIPT_SANDBOXING = YES;
				GCC_C_LANGUAGE_STANDARD = gnu17;
				GCC_DYNAMIC_NO_PIC = NO;
				GCC_NO_COMMON_BLOCKS = YES;
				GCC_OPTIMIZATION_LEVEL = 0;
				GCC_PREPROCESSOR_DEFINITIONS = (
					"DEBUG=1",
					"$(inherited)",
				);
				GCC_WARN_64_TO_32_BIT_CONVERSION = YES;
				GCC_WARN_ABOUT_RETURN_TYPE = YES_ERROR;
				GCC_WARN_UNDECLARED_SELECTOR = YES;
				GCC_WARN_UNINITIALIZED_AUTOS = YES_AGGRESSIVE;
				GCC_WARN_UNUSED_FUNCTION = YES;
				GCC_WARN_UNUSED_VARIABLE = YES;
				IPHONEOS_DEPLOYMENT_TARGET = 18.2;
				LOCALIZATION_PREFERS_STRING_CATALOGS = YES;
				MTL_ENABLE_DEBUG_INFO = INCLUDE_SOURCE;
				MTL_FAST_MATH = YES;
				ONLY_ACTIVE_ARCH = YES;
				SDKROOT = iphoneos;
				SWIFT_ACTIVE_COMPILATION_CONDITIONS = "DEBUG $(inherited)";
				SWIFT_OPTIMIZATION_LEVEL = "-Onone";
			};
			name = Debug;
		};
		C6E4F7142D6D39F900B0A859 /* Release */ = {
			isa = XCBuildConfiguration;
			buildSettings = {
				ALWAYS_SEARCH_USER_PATHS = NO;
				ASSETCATALOG_COMPILER_GENERATE_SWIFT_ASSET_SYMBOL_EXTENSIONS = YES;
				CLANG_ANALYZER_NONNULL = YES;
				CLANG_ANALYZER_NUMBER_OBJECT_CONVERSION = YES_AGGRESSIVE;
				CLANG_CXX_LANGUAGE_STANDARD = "gnu++20";
				CLANG_ENABLE_MODULES = YES;
				CLANG_ENABLE_OBJC_ARC = YES;
				CLANG_ENABLE_OBJC_WEAK = YES;
				CLANG_WARN_BLOCK_CAPTURE_AUTORELEASING = YES;
				CLANG_WARN_BOOL_CONVERSION = YES;
				CLANG_WARN_COMMA = YES;
				CLANG_WARN_CONSTANT_CONVERSION = YES;
				CLANG_WARN_DEPRECATED_OBJC_IMPLEMENTATIONS = YES;
				CLANG_WARN_DIRECT_OBJC_ISA_USAGE = YES_ERROR;
				CLANG_WARN_DOCUMENTATION_COMMENTS = YES;
				CLANG_WARN_EMPTY_BODY = YES;
				CLANG_WARN_ENUM_CONVERSION = YES;
				CLANG_WARN_INFINITE_RECURSION = YES;
				CLANG_WARN_INT_CONVERSION = YES;
				CLANG_WARN_NON_LITERAL_NULL_CONVERSION = YES;
				CLANG_WARN_OBJC_IMPLICIT_RETAIN_SELF = YES;
				CLANG_WARN_OBJC_LITERAL_CONVERSION = YES;
				CLANG_WARN_OBJC_ROOT_CLASS = YES_ERROR;
				CLANG_WARN_QUOTED_INCLUDE_IN_FRAMEWORK_HEADER = YES;
				CLANG_WARN_RANGE_LOOP_ANALYSIS = YES;
				CLANG_WARN_STRICT_PROTOTYPES = YES;
				CLANG_WARN_SUSPICIOUS_MOVE = YES;
				CLANG_WARN_UNGUARDED_AVAILABILITY = YES_AGGRESSIVE;
				CLANG_WARN_UNREACHABLE_CODE = YES;
				CLANG_WARN__DUPLICATE_METHOD_MATCH = YES;
				COPY_PHASE_STRIP = NO;
				DEBUG_INFORMATION_FORMAT = "dwarf-with-dsym";
				ENABLE_NS_ASSERTIONS = NO;
				ENABLE_STRICT_OBJC_MSGSEND = YES;
				ENABLE_USER_SCRIPT_SANDBOXING = YES;
				GCC_C_LANGUAGE_STANDARD = gnu17;
				GCC_NO_COMMON_BLOCKS = YES;
				GCC_WARN_64_TO_32_BIT_CONVERSION = YES;
				GCC_WARN_ABOUT_RETURN_TYPE = YES_ERROR;
				GCC_WARN_UNDECLARED_SELECTOR = YES;
				GCC_WARN_UNINITIALIZED_AUTOS = YES_AGGRESSIVE;
				GCC_WARN_UNUSED_FUNCTION = YES;
				GCC_WARN_UNUSED_VARIABLE = YES;
				IPHONEOS_DEPLOYMENT_TARGET = 18.2;
				LOCALIZATION_PREFERS_STRING_CATALOGS = YES;
				MTL_ENABLE_DEBUG_INFO = NO;
				MTL_FAST_MATH = YES;
				SDKROOT = iphoneos;
				SWIFT_COMPILATION_MODE = wholemodule;
				VALIDATE_PRODUCT = YES;
			};
			name = Release;
		};
		C6E4F7162D6D39F900B0A859 /* Debug */ = {
			isa = XCBuildConfiguration;
			buildSettings = {
				ASSETCATALOG_COMPILER_APPICON_NAME = AppIcon;
				ASSETCATALOG_COMPILER_GLOBAL_ACCENT_COLOR_NAME = AccentColor;
				CODE_SIGN_STYLE = Automatic;
				CURRENT_PROJECT_VERSION = 1;
				DEVELOPMENT_ASSET_PATHS = "\"echovision/Preview Content\"";
				DEVELOPMENT_TEAM = FRSP39T8ZX;
				ENABLE_PREVIEWS = YES;
				GENERATE_INFOPLIST_FILE = YES;
				INFOPLIST_FILE = echovision/Info.plist;
				INFOPLIST_KEY_NSCameraUsageDescription = "This app captures video stream to detect surrounding objects";
				INFOPLIST_KEY_UIApplicationSceneManifest_Generation = YES;
				INFOPLIST_KEY_UIApplicationSupportsIndirectInputEvents = YES;
				INFOPLIST_KEY_UILaunchScreen_Generation = YES;
				INFOPLIST_KEY_UISupportedInterfaceOrientations_iPad = "UIInterfaceOrientationPortrait UIInterfaceOrientationPortraitUpsideDown UIInterfaceOrientationLandscapeLeft UIInterfaceOrientationLandscapeRight";
				INFOPLIST_KEY_UISupportedInterfaceOrientations_iPhone = "UIInterfaceOrientationPortrait UIInterfaceOrientationLandscapeLeft UIInterfaceOrientationLandscapeRight";
				LD_RUNPATH_SEARCH_PATHS = (
					"$(inherited)",
					"@executable_path/Frameworks",
				);
				MARKETING_VERSION = 1.0;
				PRODUCT_BUNDLE_IDENTIFIER = echovision;
				PRODUCT_NAME = "$(TARGET_NAME)";
				SWIFT_EMIT_LOC_STRINGS = YES;
				SWIFT_VERSION = 5.0;
				TARGETED_DEVICE_FAMILY = "1,2";
			};
			name = Debug;
		};
		C6E4F7172D6D39F900B0A859 /* Release */ = {
			isa = XCBuildConfiguration;
			buildSettings = {
				ASSETCATALOG_COMPILER_APPICON_NAME = AppIcon;
				ASSETCATALOG_COMPILER_GLOBAL_ACCENT_COLOR_NAME = AccentColor;
				CODE_SIGN_STYLE = Automatic;
				CURRENT_PROJECT_VERSION = 1;
				DEVELOPMENT_ASSET_PATHS = "\"echovision/Preview Content\"";
				DEVELOPMENT_TEAM = FRSP39T8ZX;
				ENABLE_PREVIEWS = YES;
				GENERATE_INFOPLIST_FILE = YES;
				INFOPLIST_FILE = echovision/Info.plist;
				INFOPLIST_KEY_NSCameraUsageDescription = "This app captures video stream to detect surrounding objects";
				INFOPLIST_KEY_UIApplicationSceneManifest_Generation = YES;
				INFOPLIST_KEY_UIApplicationSupportsIndirectInputEvents = YES;
				INFOPLIST_KEY_UILaunchScreen_Generation = YES;
				INFOPLIST_KEY_UISupportedInterfaceOrientations_iPad = "UIInterfaceOrientationPortrait UIInterfaceOrientationPortraitUpsideDown UIInterfaceOrientationLandscapeLeft UIInterfaceOrientationLandscapeRight";
				INFOPLIST_KEY_UISupportedInterfaceOrientations_iPhone = "UIInterfaceOrientationPortrait UIInterfaceOrientationLandscapeLeft UIInterfaceOrientationLandscapeRight";
				LD_RUNPATH_SEARCH_PATHS = (
					"$(inherited)",
					"@executable_path/Frameworks",
				);
				MARKETING_VERSION = 1.0;
				PRODUCT_BUNDLE_IDENTIFIER = echovision;
				PRODUCT_NAME = "$(TARGET_NAME)";
				SWIFT_EMIT_LOC_STRINGS = YES;
				SWIFT_VERSION = 5.0;
				TARGETED_DEVICE_FAMILY = "1,2";
			};
			name = Release;
		};
		C6E4F7192D6D39F900B0A859 /* Debug */ = {
			isa = XCBuildConfiguration;
			buildSettings = {
				BUNDLE_LOADER = "$(TEST_HOST)";
				CODE_SIGN_STYLE = Automatic;
				CURRENT_PROJECT_VERSION = 1;
				GENERATE_INFOPLIST_FILE = YES;
				IPHONEOS_DEPLOYMENT_TARGET = 18.2;
				MARKETING_VERSION = 1.0;
				PRODUCT_BUNDLE_IDENTIFIER = echovision.echovisionTests;
				PRODUCT_NAME = "$(TARGET_NAME)";
				SWIFT_EMIT_LOC_STRINGS = NO;
				SWIFT_VERSION = 5.0;
				TARGETED_DEVICE_FAMILY = "1,2";
				TEST_HOST = "$(BUILT_PRODUCTS_DIR)/echovision.app/$(BUNDLE_EXECUTABLE_FOLDER_PATH)/echovision";
			};
			name = Debug;
		};
		C6E4F71A2D6D39F900B0A859 /* Release */ = {
			isa = XCBuildConfiguration;
			buildSettings = {
				BUNDLE_LOADER = "$(TEST_HOST)";
				CODE_SIGN_STYLE = Automatic;
				CURRENT_PROJECT_VERSION = 1;
				GENERATE_INFOPLIST_FILE = YES;
				IPHONEOS_DEPLOYMENT_TARGET = 18.2;
				MARKETING_VERSION = 1.0;
				PRODUCT_BUNDLE_IDENTIFIER = echovision.echovisionTests;
				PRODUCT_NAME = "$(TARGET_NAME)";
				SWIFT_EMIT_LOC_STRINGS = NO;
				SWIFT_VERSION = 5.0;
				TARGETED_DEVICE_FAMILY = "1,2";
				TEST_HOST = "$(BUILT_PRODUCTS_DIR)/echovision.app/$(BUNDLE_EXECUTABLE_FOLDER_PATH)/echovision";
			};
			name = Release;
		};
		C6E4F71C2D6D39F900B0A859 /* Debug */ = {
			isa = XCBuildConfiguration;
			buildSettings = {
				CODE_SIGN_STYLE = Automatic;
				CURRENT_PROJECT_VERSION = 1;
				GENERATE_INFOPLIST_FILE = YES;
				MARKETING_VERSION = 1.0;
				PRODUCT_BUNDLE_IDENTIFIER = echovision.echovisionUITests;
				PRODUCT_NAME = "$(TARGET_NAME)";
				SWIFT_EMIT_LOC_STRINGS = NO;
				SWIFT_VERSION = 5.0;
				TARGETED_DEVICE_FAMILY = "1,2";
				TEST_TARGET_NAME = echovision;
			};
			name = Debug;
		};
		C6E4F71D2D6D39F900B0A859 /* Release */ = {
			isa = XCBuildConfiguration;
			buildSettings = {
				CODE_SIGN_STYLE = Automatic;
				CURRENT_PROJECT_VERSION = 1;
				GENERATE_INFOPLIST_FILE = YES;
				MARKETING_VERSION = 1.0;
				PRODUCT_BUNDLE_IDENTIFIER = echovision.echovisionUITests;
				PRODUCT_NAME = "$(TARGET_NAME)";
				SWIFT_EMIT_LOC_STRINGS = NO;
				SWIFT_VERSION = 5.0;
				TARGETED_DEVICE_FAMILY = "1,2";
				TEST_TARGET_NAME = echovision;
			};
			name = Release;
		};
/* End XCBuildConfiguration section */

/* Begin XCConfigurationList section */
		C6E4F6EC2D6D39F700B0A859 /* Build configuration list for PBXProject "echovision" */ = {
			isa = XCConfigurationList;
			buildConfigurations = (
				C6E4F7132D6D39F900B0A859 /* Debug */,
				C6E4F7142D6D39F900B0A859 /* Release */,
			);
			defaultConfigurationIsVisible = 0;
			defaultConfigurationName = Release;
		};
		C6E4F7152D6D39F900B0A859 /* Build configuration list for PBXNativeTarget "echovision" */ = {
			isa = XCConfigurationList;
			buildConfigurations = (
				C6E4F7162D6D39F900B0A859 /* Debug */,
				C6E4F7172D6D39F900B0A859 /* Release */,
			);
			defaultConfigurationIsVisible = 0;
			defaultConfigurationName = Release;
		};
		C6E4F7182D6D39F900B0A859 /* Build configuration list for PBXNativeTarget "echovisionTests" */ = {
			isa = XCConfigurationList;
			buildConfigurations = (
				C6E4F7192D6D39F900B0A859 /* Debug */,
				C6E4F71A2D6D39F900B0A859 /* Release */,
			);
			defaultConfigurationIsVisible = 0;
			defaultConfigurationName = Release;
		};
		C6E4F71B2D6D39F900B0A859 /* Build configuration list for PBXNativeTarget "echovisionUITests" */ = {
			isa = XCConfigurationList;
			buildConfigurations = (
				C6E4F71C2D6D39F900B0A859 /* Debug */,
				C6E4F71D2D6D39F900B0A859 /* Release */,
			);
			defaultConfigurationIsVisible = 0;
			defaultConfigurationName = Release;
		};
/* End XCConfigurationList section */
	};
	rootObject = C6E4F6E92D6D39F700B0A859 /* Project object */;
}
